filippo.io/edwards25519 v1.1.0 h1:FNf4tywRC1HmFuKW5xopWpigGjJKiJSV0Cqo0cJWDaA=
filippo.io/edwards25519 v1.1.0/go.mod h1:BxyFTGdWcka3PhytdK4V28tE5sGfRvvvRV7EaN4VDT4=
github.com/go-sql-driver/mysql v1.9.2 h1:4cNKDYQ1I84SXslGddlsrMhc8k4LeDVj6Ad6WRjiHuU=
github.com/go-sql-driver/mysql v1.9.2/go.mod h1:qn46aNg1333BRMNU69Lq93t8du/dwxI64Gl8i5p1WMU=
github.com/gotk3/gotk3 v0.6.5-0.20240618185848-ff349ae13f56 h1:eR+xxC8qqKuPMTucZqaklBxLIT7/4L7dzhlwKMrDbj8=
github.com/gotk3/gotk3 v0.6.5-0.20240618185848-ff349ae13f56/go.mod h1:/hqFpkNa9T3JgNAE2fLvCdov7c5bw//FHNZrZ3Uv9/Q=
github.com/hultan/crypto v1.0.1 h1:QXln6IFU0/RJOr1o50pwiBEZ4xV56hf9TnfcLot8tP8=
github.com/hultan/crypto v1.0.1/go.mod h1:Al02tqJQ4Kh8UhEMMGQMe8CtlWcFL3pbdhztdOph0OY=
github.com/hultan/dialog v1.0.8 h1:djm+d6qnJDW6K91C5M5SOXBxPDm0KojXSC++5WR2Gjk=
github.com/hultan/dialog v1.0.8/go.mod h1:y9HCPNO8g2GuA5VlNPulMOrunCTW2zJUOgWxyF2mxGM=
